// !$*UTF8*$!
{
	archiveVersion = 1;
	classes = {
	};
	objectVersion = 56;
	objects = {

/* Begin PBXBuildFile section */
		82713F5D2912CC6A00930394 /* Joke.swift in Sources */ = {isa = PBXBuildFile; fileRef = 82713F5C2912CC6A00930394 /* Joke.swift */; };
		82C05CCE2911B3F900960D03 /* AppDelegate.swift in Sources */ = {isa = PBXBuildFile; fileRef = 82C05CCD2911B3F900960D03 /* AppDelegate.swift */; };
		82C05CD02911B3F900960D03 /* SceneDelegate.swift in Sources */ = {isa = PBXBuildFile; fileRef = 82C05CCF2911B3F900960D03 /* SceneDelegate.swift */; };
		82C05CD22911B3F900960D03 /* ViewController.swift in Sources */ = {isa = PBXBuildFile; fileRef = 82C05CD12911B3F900960D03 /* ViewController.swift */; };
		82C05CD52911B3F900960D03 /* Main.storyboard in Resources */ = {isa = PBXBuildFile; fileRef = 82C05CD32911B3F900960D03 /* Main.storyboard */; };
		82C05CD72911B3FB00960D03 /* Assets.xcassets in Resources */ = {isa = PBXBuildFile; fileRef = 82C05CD62911B3FB00960D03 /* Assets.xcassets */; };
		82C05CDA2911B3FB00960D03 /* LaunchScreen.storyboard in Resources */ = {isa = PBXBuildFile; fileRef = 82C05CD82911B3FB00960D03 /* LaunchScreen.storyboard */; };
		82C05CE22911B5C600960D03 /* Service.swift in Sources */ = {isa = PBXBuildFile; fileRef = 82C05CE12911B5C600960D03 /* Service.swift */; };
/* End PBXBuildFile section */

/* Begin PBXFileReference section */
		82713F5C2912CC6A00930394 /* Joke.swift */ = {isa = PBXFileReference; lastKnownFileType = sourcecode.swift; path = Joke.swift; sourceTree = "<group>"; };
		82C05CCA2911B3F900960D03 /* MVVM-Architecture.app */ = {isa = PBXFileReference; explicitFileType = wrapper.application; includeInIndex = 0; path = "MVVM-Architecture.app"; sourceTree = BUILT_PRODUCTS_DIR; };
		82C05CCD2911B3F900960D03 /* AppDelegate.swift */ = {isa = PBXFileReference; lastKnownFileType = sourcecode.swift; path = AppDelegate.swift; sourceTree = "<group>"; };
		82C05CCF2911B3F900960D03 /* SceneDelegate.swift */ = {isa = PBXFileReference; lastKnownFileType = sourcecode.swift; path = SceneDelegate.swift; sourceTree = "<group>"; };
		82C05CD12911B3F900960D03 /* ViewController.swift */ = {isa = PBXFileReference; lastKnownFileType = sourcecode.swift; path = ViewController.swift; sourceTree = "<group>"; };
		82C05CD42911B3F900960D03 /* Base */ = {isa = PBXFileReference; lastKnownFileType = file.storyboard; name = Base; path = Base.lproj/Main.storyboard; sourceTree = "<group>"; };
		82C05CD62911B3FB00960D03 /* Assets.xcassets */ = {isa = PBXFileReference; lastKnownFileType = folder.assetcatalog; path = Assets.xcassets; sourceTree = "<group>"; };
		82C05CD92911B3FB00960D03 /* Base */ = {isa = PBXFileReference; lastKnownFileType = file.storyboard; name = Base; path = Base.lproj/LaunchScreen.storyboard; sourceTree = "<group>"; };
		82C05CDB2911B3FB00960D03 /* Info.plist */ = {isa = PBXFileReference; lastKnownFileType = text.plist.xml; path = Info.plist; sourceTree = "<group>"; };
		82C05CE12911B5C600960D03 /* Service.swift */ = {isa = PBXFileReference; lastKnownFileType = sourcecode.swift; path = Service.swift; sourceTree = "<group>"; };
/* End PBXFileReference section */

/* Begin PBXFrameworksBuildPhase section */
		82C05CC72911B3F900960D03 /* Frameworks */ = {
			isa = PBXFrameworksBuildPhase;
			buildActionMask = 2147483647;
			files = (
			);
			runOnlyForDeploymentPostprocessing = 0;
		};
/* End PBXFrameworksBuildPhase section */

/* Begin PBXGroup section */
		82713F5B2912CC5900930394 /* Model */ = {
			isa = PBXGroup;
			children = (
				82713F5C2912CC6A00930394 /* Joke.swift */,
			);
			path = Model;
			sourceTree = "<group>";
		};
		82713F5E2912CC7200930394 /* Resources */ = {
			isa = PBXGroup;
			children = (
				82C05CCD2911B3F900960D03 /* AppDelegate.swift */,
				82C05CCF2911B3F900960D03 /* SceneDelegate.swift */,
				82C05CD62911B3FB00960D03 /* Assets.xcassets */,
				82C05CD82911B3FB00960D03 /* LaunchScreen.storyboard */,
			);
			path = Resources;
			sourceTree = "<group>";
		};
		82713F5F2912CC9700930394 /* View */ = {
			isa = PBXGroup;
			children = (
				82C05CD32911B3F900960D03 /* Main.storyboard */,
			);
			path = View;
			sourceTree = "<group>";
		};
		82713F602912CD0900930394 /* Controllers */ = {
			isa = PBXGroup;
			children = (
				82C05CD12911B3F900960D03 /* ViewController.swift */,
			);
			path = Controllers;
			sourceTree = "<group>";
		};
		82713F612912CD2F00930394 /* Network */ = {
			isa = PBXGroup;
			children = (
				82C05CE12911B5C600960D03 /* Service.swift */,
			);
			path = Network;
			sourceTree = "<group>";
		};
		82C05CC12911B3F900960D03 = {
			isa = PBXGroup;
			children = (
				82C05CCC2911B3F900960D03 /* MVVM-Architecture */,
				82C05CCB2911B3F900960D03 /* Products */,
			);
			sourceTree = "<group>";
		};
		82C05CCB2911B3F900960D03 /* Products */ = {
			isa = PBXGroup;
			children = (
				82C05CCA2911B3F900960D03 /* MVVM-Architecture.app */,
			);
			name = Products;
			sourceTree = "<group>";
		};
		82C05CCC2911B3F900960D03 /* MVVM-Architecture */ = {
			isa = PBXGroup;
			children = (
				82713F602912CD0900930394 /* Controllers */,
				82C05CDB2911B3FB00960D03 /* Info.plist */,
				82713F5B2912CC5900930394 /* Model */,
				82713F612912CD2F00930394 /* Network */,
				82713F5E2912CC7200930394 /* Resources */,
				82713F5F2912CC9700930394 /* View */,
			);
			path = "MVVM-Architecture";
			sourceTree = "<group>";
		};
/* End PBXGroup section */

/* Begin PBXNativeTarget section */
		82C05CC92911B3F900960D03 /* MVVM-Architecture */ = {
			isa = PBXNativeTarget;
			buildConfigurationList = 82C05CDE2911B3FB00960D03 /* Build configuration list for PBXNativeTarget "MVVM-Architecture" */;
			buildPhases = (
				82C05CC62911B3F900960D03 /* Sources */,
				82C05CC72911B3F900960D03 /* Frameworks */,
				82C05CC82911B3F900960D03 /* Resources */,
			);
			buildRules = (
			);
			dependencies = (
			);
			name = "MVVM-Architecture";
			productName = "MVVM-Architecture";
			productReference = 82C05CCA2911B3F900960D03 /* MVVM-Architecture.app */;
			productType = "com.apple.product-type.application";
		};
/* End PBXNativeTarget section */

/* Begin PBXProject section */
		82C05CC22911B3F900960D03 /* Project object */ = {
			isa = PBXProject;
			attributes = {
				BuildIndependentTargetsInParallel = 1;
				LastSwiftUpdateCheck = 1400;
				LastUpgradeCheck = 1400;
				TargetAttributes = {
					82C05CC92911B3F900960D03 = {
						CreatedOnToolsVersion = 14.0;
					};
				};
			};
			buildConfigurationList = 82C05CC52911B3F900960D03 /* Build configuration list for PBXProject "MVVM-Architecture" */;
			compatibilityVersion = "Xcode 14.0";
			developmentRegion = en;
			hasScannedForEncodings = 0;
			knownRegions = (
				en,
				Base,
			);
			mainGroup = 82C05CC12911B3F900960D03;
			productRefGroup = 82C05CCB2911B3F900960D03 /* Products */;
			projectDirPath = "";
			projectRoot = "";
			targets = (
				82C05CC92911B3F900960D03 /* MVVM-Architecture */,
			);
		};
/* End PBXProject section */

/* Begin PBXResourcesBuildPhase section */
		82C05CC82911B3F900960D03 /* Resources */ = {
			isa = PBXResourcesBuildPhase;
			buildActionMask = 2147483647;
			files = (
				82C05CDA2911B3FB00960D03 /* LaunchScreen.storyboard in Resources */,
				82C05CD72911B3FB00960D03 /* Assets.xcassets in Resources */,
				82C05CD52911B3F900960D03 /* Main.storyboard in Resources */,
			);
			runOnlyForDeploymentPostprocessing = 0;
		};
/* End PBXResourcesBuildPhase section */

/* Begin PBXSourcesBuildPhase section */
		82C05CC62911B3F900960D03 /* Sources */ = {
			isa = PBXSourcesBuildPhase;
			buildActionMask = 2147483647;
			files = (
				82C05CD22911B3F900960D03 /* ViewController.swift in Sources */,
				82713F5D2912CC6A00930394 /* Joke.swift in Sources */,
				82C05CE22911B5C600960D03 /* Service.swift in Sources */,
				82C05CCE2911B3F900960D03 /* AppDelegate.swift in Sources */,
				82C05CD02911B3F900960D03 /* SceneDelegate.swift in Sources */,
			);
			runOnlyForDeploymentPostprocessing = 0;
		};
/* End PBXSourcesBuildPhase section */

/* Begin PBXVariantGroup section */
		82C05CD32911B3F900960D03 /* Main.storyboard */ = {
			isa = PBXVariantGroup;
			children = (
				82C05CD42911B3F900960D03 /* Base */,
			);
			name = Main.storyboard;
			sourceTree = "<group>";
		};
		82C05CD82911B3FB00960D03 /* LaunchScreen.storyboard */ = {
			isa = PBXVariantGroup;
			children = (
				82C05CD92911B3FB00960D03 /* Base */,
			);
			name = LaunchScreen.storyboard;
			sourceTree = "<group>";
		};
/* End PBXVariantGroup section */

/* Begin XCBuildConfiguration section */
		82C05CDC2911B3FB00960D03 /* Debug */ = {
			isa = XCBuildConfiguration;
			buildSettings = {
				ALWAYS_SEARCH_USER_PATHS = NO;
				CLANG_ANALYZER_NONNULL = YES;
				CLANG_ANALYZER_NUMBER_OBJECT_CONVERSION = YES_AGGRESSIVE;
				CLANG_CXX_LANGUAGE_STANDARD = "gnu++20";
				CLANG_ENABLE_MODULES = YES;
				CLANG_ENABLE_OBJC_ARC = YES;
				CLANG_ENABLE_OBJC_WEAK = YES;
				CLANG_WARN_BLOCK_CAPTURE_AUTORELEASING = YES;
				CLANG_WARN_BOOL_CONVERSION = YES;
				CLANG_WARN_COMMA = YES;
				CLANG_WARN_CONSTANT_CONVERSION = YES;
				CLANG_WARN_DEPRECATED_OBJC_IMPLEMENTATIONS = YES;
				CLANG_WARN_DIRECT_OBJC_ISA_USAGE = YES_ERROR;
				CLANG_WARN_DOCUMENTATION_COMMENTS = YES;
				CLANG_WARN_EMPTY_BODY = YES;
				CLANG_WARN_ENUM_CONVERSION = YES;
				CLANG_WARN_INFINITE_RECURSION = YES;
				CLANG_WARN_INT_CONVERSION = YES;
				CLANG_WARN_NON_LITERAL_NULL_CONVERSION = YES;
				CLANG_WARN_OBJC_IMPLICIT_RETAIN_SELF = YES;
				CLANG_WARN_OBJC_LITERAL_CONVERSION = YES;
				CLANG_WARN_OBJC_ROOT_CLASS = YES_ERROR;
				CLANG_WARN_QUOTED_INCLUDE_IN_FRAMEWORK_HEADER = YES;
				CLANG_WARN_RANGE_LOOP_ANALYSIS = YES;
				CLANG_WARN_STRICT_PROTOTYPES = YES;
				CLANG_WARN_SUSPICIOUS_MOVE = YES;
				CLANG_WARN_UNGUARDED_AVAILABILITY = YES_AGGRESSIVE;
				CLANG_WARN_UNREACHABLE_CODE = YES;
				CLANG_WARN__DUPLICATE_METHOD_MATCH = YES;
				COPY_PHASE_STRIP = NO;
				DEBUG_INFORMATION_FORMAT = dwarf;
				ENABLE_STRICT_OBJC_MSGSEND = YES;
				ENABLE_TESTABILITY = YES;
				GCC_C_LANGUAGE_STANDARD = gnu11;
				GCC_DYNAMIC_NO_PIC = NO;
				GCC_NO_COMMON_BLOCKS = YES;
				GCC_OPTIMIZATION_LEVEL = 0;
				GCC_PREPROCESSOR_DEFINITIONS = (
					"DEBUG=1",
					"$(inherited)",
				);
				GCC_WARN_64_TO_32_BIT_CONVERSION = YES;
				GCC_WARN_ABOUT_RETURN_TYPE = YES_ERROR;
				GCC_WARN_UNDECLARED_SELECTOR = YES;
				GCC_WARN_UNINITIALIZED_AUTOS = YES_AGGRESSIVE;
				GCC_WARN_UNUSED_FUNCTION = YES;
				GCC_WARN_UNUSED_VARIABLE = YES;
				IPHONEOS_DEPLOYMENT_TARGET = 16.0;
				MTL_ENABLE_DEBUG_INFO = INCLUDE_SOURCE;
				MTL_FAST_MATH = YES;
				ONLY_ACTIVE_ARCH = YES;
				SDKROOT = iphoneos;
				SWIFT_ACTIVE_COMPILATION_CONDITIONS = DEBUG;
				SWIFT_OPTIMIZATION_LEVEL = "-Onone";
			};
			name = Debug;
		};
		82C05CDD2911B3FB00960D03 /* Release */ = {
			isa = XCBuildConfiguration;
			buildSettings = {
				ALWAYS_SEARCH_USER_PATHS = NO;
				CLANG_ANALYZER_NONNULL = YES;
				CLANG_ANALYZER_NUMBER_OBJECT_CONVERSION = YES_AGGRESSIVE;
				CLANG_CXX_LANGUAGE_STANDARD = "gnu++20";
				CLANG_ENABLE_MODULES = YES;
				CLANG_ENABLE_OBJC_ARC = YES;
				CLANG_ENABLE_OBJC_WEAK = YES;
				CLANG_WARN_BLOCK_CAPTURE_AUTORELEASING = YES;
				CLANG_WARN_BOOL_CONVERSION = YES;
				CLANG_WARN_COMMA = YES;
				CLANG_WARN_CONSTANT_CONVERSION = YES;
				CLANG_WARN_DEPRECATED_OBJC_IMPLEMENTATIONS = YES;
				CLANG_WARN_DIRECT_OBJC_ISA_USAGE = YES_ERROR;
				CLANG_WARN_DOCUMENTATION_COMMENTS = YES;
				CLANG_WARN_EMPTY_BODY = YES;
				CLANG_WARN_ENUM_CONVERSION = YES;
				CLANG_WARN_INFINITE_RECURSION = YES;
				CLANG_WARN_INT_CONVERSION = YES;
				CLANG_WARN_NON_LITERAL_NULL_CONVERSION = YES;
				CLANG_WARN_OBJC_IMPLICIT_RETAIN_SELF = YES;
				CLANG_WARN_OBJC_LITERAL_CONVERSION = YES;
				CLANG_WARN_OBJC_ROOT_CLASS = YES_ERROR;
				CLANG_WARN_QUOTED_INCLUDE_IN_FRAMEWORK_HEADER = YES;
				CLANG_WARN_RANGE_LOOP_ANALYSIS = YES;
				CLANG_WARN_STRICT_PROTOTYPES = YES;
				CLANG_WARN_SUSPICIOUS_MOVE = YES;
				CLANG_WARN_UNGUARDED_AVAILABILITY = YES_AGGRESSIVE;
				CLANG_WARN_UNREACHABLE_CODE = YES;
				CLANG_WARN__DUPLICATE_METHOD_MATCH = YES;
				COPY_PHASE_STRIP = NO;
				DEBUG_INFORMATION_FORMAT = "dwarf-with-dsym";
				ENABLE_NS_ASSERTIONS = NO;
				ENABLE_STRICT_OBJC_MSGSEND = YES;
				GCC_C_LANGUAGE_STANDARD = gnu11;
				GCC_NO_COMMON_BLOCKS = YES;
				GCC_WARN_64_TO_32_BIT_CONVERSION = YES;
				GCC_WARN_ABOUT_RETURN_TYPE = YES_ERROR;
				GCC_WARN_UNDECLARED_SELECTOR = YES;
				GCC_WARN_UNINITIALIZED_AUTOS = YES_AGGRESSIVE;
				GCC_WARN_UNUSED_FUNCTION = YES;
				GCC_WARN_UNUSED_VARIABLE = YES;
				IPHONEOS_DEPLOYMENT_TARGET = 16.0;
				MTL_ENABLE_DEBUG_INFO = NO;
				MTL_FAST_MATH = YES;
				SDKROOT = iphoneos;
				SWIFT_COMPILATION_MODE = wholemodule;
				SWIFT_OPTIMIZATION_LEVEL = "-O";
				VALIDATE_PRODUCT = YES;
			};
			name = Release;
		};
		82C05CDF2911B3FB00960D03 /* Debug */ = {
			isa = XCBuildConfiguration;
			buildSettings = {
				ASSETCATALOG_COMPILER_APPICON_NAME = AppIcon;
				ASSETCATALOG_COMPILER_GLOBAL_ACCENT_COLOR_NAME = AccentColor;
				CODE_SIGN_STYLE = Automatic;
				CURRENT_PROJECT_VERSION = 1;
				DEVELOPMENT_TEAM = X2R4Q8ATZU;
				GENERATE_INFOPLIST_FILE = YES;
				INFOPLIST_FILE = "MVVM-Architecture/Info.plist";
				INFOPLIST_KEY_UIApplicationSupportsIndirectInputEvents = YES;
				INFOPLIST_KEY_UILaunchStoryboardName = LaunchScreen;
				INFOPLIST_KEY_UIMainStoryboardFile = Main;
				INFOPLIST_KEY_UISupportedInterfaceOrientations_iPad = "UIInterfaceOrientationPortrait UIInterfaceOrientationPortraitUpsideDown UIInterfaceOrientationLandscapeLeft UIInterfaceOrientationLandscapeRight";
				INFOPLIST_KEY_UISupportedInterfaceOrientations_iPhone = "UIInterfaceOrientationPortrait UIInterfaceOrientationLandscapeLeft UIInterfaceOrientationLandscapeRight";
				LD_RUNPATH_SEARCH_PATHS = (
					"$(inherited)",
					"@executable_path/Frameworks",
				);
				MARKETING_VERSION = 1.0;
				PRODUCT_BUNDLE_IDENTIFIER = "gmail.igormedfer.MVVM-Architecture";
				PRODUCT_NAME = "$(TARGET_NAME)";
				SWIFT_EMIT_LOC_STRINGS = YES;
				SWIFT_VERSION = 5.0;
				TARGETED_DEVICE_FAMILY = "1,2";
			};
			name = Debug;
		};
		82C05CE02911B3FB00960D03 /* Release */ = {
			isa = XCBuildConfiguration;
			buildSettings = {
				ASSETCATALOG_COMPILER_APPICON_NAME = AppIcon;
				ASSETCATALOG_COMPILER_GLOBAL_ACCENT_COLOR_NAME = AccentColor;
				CODE_SIGN_STYLE = Automatic;
				CURRENT_PROJECT_VERSION = 1;
				DEVELOPMENT_TEAM = X2R4Q8ATZU;
				GENERATE_INFOPLIST_FILE = YES;
				INFOPLIST_FILE = "MVVM-Architecture/Info.plist";
				INFOPLIST_KEY_UIApplicationSupportsIndirectInputEvents = YES;
				INFOPLIST_KEY_UILaunchStoryboardName = LaunchScreen;
				INFOPLIST_KEY_UIMainStoryboardFile = Main;
				INFOPLIST_KEY_UISupportedInterfaceOrientations_iPad = "UIInterfaceOrientationPortrait UIInterfaceOrientationPortraitUpsideDown UIInterfaceOrientationLandscapeLeft UIInterfaceOrientationLandscapeRight";
				INFOPLIST_KEY_UISupportedInterfaceOrientations_iPhone = "UIInterfaceOrientationPortrait UIInterfaceOrientationLandscapeLeft UIInterfaceOrientationLandscapeRight";
				LD_RUNPATH_SEARCH_PATHS = (
					"$(inherited)",
					"@executable_path/Frameworks",
				);
				MARKETING_VERSION = 1.0;
				PRODUCT_BUNDLE_IDENTIFIER = "gmail.igormedfer.MVVM-Architecture";
				PRODUCT_NAME = "$(TARGET_NAME)";
				SWIFT_EMIT_LOC_STRINGS = YES;
				SWIFT_VERSION = 5.0;
				TARGETED_DEVICE_FAMILY = "1,2";
			};
			name = Release;
		};
/* End XCBuildConfiguration section */

/* Begin XCConfigurationList section */
		82C05CC52911B3F900960D03 /* Build configuration list for PBXProject "MVVM-Architecture" */ = {
			isa = XCConfigurationList;
			buildConfigurations = (
				82C05CDC2911B3FB00960D03 /* Debug */,
				82C05CDD2911B3FB00960D03 /* Release */,
			);
			defaultConfigurationIsVisible = 0;
			defaultConfigurationName = Release;
		};
		82C05CDE2911B3FB00960D03 /* Build configuration list for PBXNativeTarget "MVVM-Architecture" */ = {
			isa = XCConfigurationList;
			buildConfigurations = (
				82C05CDF2911B3FB00960D03 /* Debug */,
				82C05CE02911B3FB00960D03 /* Release */,
			);
			defaultConfigurationIsVisible = 0;
			defaultConfigurationName = Release;
		};
/* End XCConfigurationList section */
	};
	rootObject = 82C05CC22911B3F900960D03 /* Project object */;
}
